// !$*UTF8*$!
{
	archiveVersion = 1;
	classes = {
	};
	objectVersion = 50;
	objects = {

/* Begin PBXBuildFile section */
		196107392189E11C00FA6786 /* AppDelegate.swift in Sources */ = {isa = PBXBuildFile; fileRef = 196107382189E11C00FA6786 /* AppDelegate.swift */; };
		1961073E2189E11C00FA6786 /* Main.storyboard in Resources */ = {isa = PBXBuildFile; fileRef = 1961073C2189E11C00FA6786 /* Main.storyboard */; };
		196107402189E11D00FA6786 /* Assets.xcassets in Resources */ = {isa = PBXBuildFile; fileRef = 1961073F2189E11D00FA6786 /* Assets.xcassets */; };
		196107432189E11D00FA6786 /* LaunchScreen.storyboard in Resources */ = {isa = PBXBuildFile; fileRef = 196107412189E11D00FA6786 /* LaunchScreen.storyboard */; };
		1961074E2189E11E00FA6786 /* TODO_ListTests.swift in Sources */ = {isa = PBXBuildFile; fileRef = 1961074D2189E11E00FA6786 /* TODO_ListTests.swift */; };
		1961075C2189ED7E00FA6786 /* CreateTaskTableViewController.swift in Sources */ = {isa = PBXBuildFile; fileRef = 1961075B2189ED7E00FA6786 /* CreateTaskTableViewController.swift */; };
		1961075E2189F12F00FA6786 /* CreateTaskModels.swift in Sources */ = {isa = PBXBuildFile; fileRef = 1961075D2189F12F00FA6786 /* CreateTaskModels.swift */; };
		196107602189F3FA00FA6786 /* CreateTaskInteractor.swift in Sources */ = {isa = PBXBuildFile; fileRef = 1961075F2189F3FA00FA6786 /* CreateTaskInteractor.swift */; };
		196107632189F4E200FA6786 /* PListWorker.swift in Sources */ = {isa = PBXBuildFile; fileRef = 196107622189F4E200FA6786 /* PListWorker.swift */; };
		196107652189F5D100FA6786 /* CreateTaskPresenter.swift in Sources */ = {isa = PBXBuildFile; fileRef = 196107642189F5D100FA6786 /* CreateTaskPresenter.swift */; };
		196107672189F73200FA6786 /* CreateTaskConfigurator.swift in Sources */ = {isa = PBXBuildFile; fileRef = 196107662189F73200FA6786 /* CreateTaskConfigurator.swift */; };
		19CFB8A92195C0C5009B5EEA /* ShowDoneTasksViewController.swift in Sources */ = {isa = PBXBuildFile; fileRef = 19CFB8A82195C0C5009B5EEA /* ShowDoneTasksViewController.swift */; };
		19CFB8AB2195C116009B5EEA /* ShowDoneTasksModels.swift in Sources */ = {isa = PBXBuildFile; fileRef = 19CFB8AA2195C116009B5EEA /* ShowDoneTasksModels.swift */; };
		19CFB8AD2195C533009B5EEA /* ShowDoneTasksInteractor.swift in Sources */ = {isa = PBXBuildFile; fileRef = 19CFB8AC2195C533009B5EEA /* ShowDoneTasksInteractor.swift */; };
		19CFB8AF2195C983009B5EEA /* ShowDoneTasksPresenter.swift in Sources */ = {isa = PBXBuildFile; fileRef = 19CFB8AE2195C983009B5EEA /* ShowDoneTasksPresenter.swift */; };
		19CFB8B12195CA7B009B5EEA /* ShowDoneTasksConfigurator.swift in Sources */ = {isa = PBXBuildFile; fileRef = 19CFB8B02195CA7B009B5EEA /* ShowDoneTasksConfigurator.swift */; };
		19D08E5F218C8947005ABF54 /* ShowTasksViewController.swift in Sources */ = {isa = PBXBuildFile; fileRef = 19D08E5E218C8947005ABF54 /* ShowTasksViewController.swift */; };
		19D08E61218C89C4005ABF54 /* ShowTasksInteractor.swift in Sources */ = {isa = PBXBuildFile; fileRef = 19D08E60218C89C4005ABF54 /* ShowTasksInteractor.swift */; };
		19D08E63218C8B21005ABF54 /* ShowTasksPresenter.swift in Sources */ = {isa = PBXBuildFile; fileRef = 19D08E62218C8B21005ABF54 /* ShowTasksPresenter.swift */; };
		19D08E65218C8C5F005ABF54 /* ShowTasksConfigurator.swift in Sources */ = {isa = PBXBuildFile; fileRef = 19D08E64218C8C5F005ABF54 /* ShowTasksConfigurator.swift */; };
		19D08E67218C8E5F005ABF54 /* ShowTasksModels.swift in Sources */ = {isa = PBXBuildFile; fileRef = 19D08E66218C8E5F005ABF54 /* ShowTasksModels.swift */; };
		19D653DA2191E3840042AE7A /* ShowTasksRouter.swift in Sources */ = {isa = PBXBuildFile; fileRef = 19D653D92191E3840042AE7A /* ShowTasksRouter.swift */; };
		19D653DC2191F4270042AE7A /* CreateTaskRouter.swift in Sources */ = {isa = PBXBuildFile; fileRef = 19D653DB2191F4270042AE7A /* CreateTaskRouter.swift */; };
		19D653E02192288E0042AE7A /* TaskViewCell.swift in Sources */ = {isa = PBXBuildFile; fileRef = 19D653DE2192288E0042AE7A /* TaskViewCell.swift */; };
		19D653E12192288E0042AE7A /* TaskViewCell.xib in Resources */ = {isa = PBXBuildFile; fileRef = 19D653DF2192288E0042AE7A /* TaskViewCell.xib */; };
		19DD8C74219329E1009E23D4 /* MarkTaskAsDoneInteractor.swift in Sources */ = {isa = PBXBuildFile; fileRef = 19DD8C73219329E1009E23D4 /* MarkTaskAsDoneInteractor.swift */; };
		19DD8C7621932A39009E23D4 /* MarkTaskAsDoneModels.swift in Sources */ = {isa = PBXBuildFile; fileRef = 19DD8C7521932A39009E23D4 /* MarkTaskAsDoneModels.swift */; };
/* End PBXBuildFile section */

/* Begin PBXContainerItemProxy section */
		1961074A2189E11E00FA6786 /* PBXContainerItemProxy */ = {
			isa = PBXContainerItemProxy;
			containerPortal = 1961072D2189E11C00FA6786 /* Project object */;
			proxyType = 1;
			remoteGlobalIDString = 196107342189E11C00FA6786;
			remoteInfo = "TODO-List";
		};
/* End PBXContainerItemProxy section */

/* Begin PBXFileReference section */
		196107352189E11C00FA6786 /* TODO-List.app */ = {isa = PBXFileReference; explicitFileType = wrapper.application; includeInIndex = 0; path = "TODO-List.app"; sourceTree = BUILT_PRODUCTS_DIR; };
		196107382189E11C00FA6786 /* AppDelegate.swift */ = {isa = PBXFileReference; lastKnownFileType = sourcecode.swift; path = AppDelegate.swift; sourceTree = "<group>"; };
		1961073D2189E11C00FA6786 /* Base */ = {isa = PBXFileReference; lastKnownFileType = file.storyboard; name = Base; path = Base.lproj/Main.storyboard; sourceTree = "<group>"; };
		1961073F2189E11D00FA6786 /* Assets.xcassets */ = {isa = PBXFileReference; lastKnownFileType = folder.assetcatalog; path = Assets.xcassets; sourceTree = "<group>"; };
		196107422189E11D00FA6786 /* Base */ = {isa = PBXFileReference; lastKnownFileType = file.storyboard; name = Base; path = Base.lproj/LaunchScreen.storyboard; sourceTree = "<group>"; };
		196107442189E11D00FA6786 /* Info.plist */ = {isa = PBXFileReference; lastKnownFileType = text.plist.xml; path = Info.plist; sourceTree = "<group>"; };
		196107492189E11E00FA6786 /* TODO-ListTests.xctest */ = {isa = PBXFileReference; explicitFileType = wrapper.cfbundle; includeInIndex = 0; path = "TODO-ListTests.xctest"; sourceTree = BUILT_PRODUCTS_DIR; };
		1961074D2189E11E00FA6786 /* TODO_ListTests.swift */ = {isa = PBXFileReference; lastKnownFileType = sourcecode.swift; path = TODO_ListTests.swift; sourceTree = "<group>"; };
		1961074F2189E11E00FA6786 /* Info.plist */ = {isa = PBXFileReference; lastKnownFileType = text.plist.xml; path = Info.plist; sourceTree = "<group>"; };
		1961075B2189ED7E00FA6786 /* CreateTaskTableViewController.swift */ = {isa = PBXFileReference; lastKnownFileType = sourcecode.swift; path = CreateTaskTableViewController.swift; sourceTree = "<group>"; };
		1961075D2189F12F00FA6786 /* CreateTaskModels.swift */ = {isa = PBXFileReference; lastKnownFileType = sourcecode.swift; path = CreateTaskModels.swift; sourceTree = "<group>"; };
		1961075F2189F3FA00FA6786 /* CreateTaskInteractor.swift */ = {isa = PBXFileReference; lastKnownFileType = sourcecode.swift; path = CreateTaskInteractor.swift; sourceTree = "<group>"; };
		196107622189F4E200FA6786 /* PListWorker.swift */ = {isa = PBXFileReference; lastKnownFileType = sourcecode.swift; path = PListWorker.swift; sourceTree = "<group>"; };
		196107642189F5D100FA6786 /* CreateTaskPresenter.swift */ = {isa = PBXFileReference; lastKnownFileType = sourcecode.swift; path = CreateTaskPresenter.swift; sourceTree = "<group>"; };
		196107662189F73200FA6786 /* CreateTaskConfigurator.swift */ = {isa = PBXFileReference; lastKnownFileType = sourcecode.swift; path = CreateTaskConfigurator.swift; sourceTree = "<group>"; };
		19CFB8A82195C0C5009B5EEA /* ShowDoneTasksViewController.swift */ = {isa = PBXFileReference; lastKnownFileType = sourcecode.swift; path = ShowDoneTasksViewController.swift; sourceTree = "<group>"; };
		19CFB8AA2195C116009B5EEA /* ShowDoneTasksModels.swift */ = {isa = PBXFileReference; lastKnownFileType = sourcecode.swift; path = ShowDoneTasksModels.swift; sourceTree = "<group>"; };
		19CFB8AC2195C533009B5EEA /* ShowDoneTasksInteractor.swift */ = {isa = PBXFileReference; lastKnownFileType = sourcecode.swift; path = ShowDoneTasksInteractor.swift; sourceTree = "<group>"; };
		19CFB8AE2195C983009B5EEA /* ShowDoneTasksPresenter.swift */ = {isa = PBXFileReference; lastKnownFileType = sourcecode.swift; path = ShowDoneTasksPresenter.swift; sourceTree = "<group>"; };
		19CFB8B02195CA7B009B5EEA /* ShowDoneTasksConfigurator.swift */ = {isa = PBXFileReference; lastKnownFileType = sourcecode.swift; path = ShowDoneTasksConfigurator.swift; sourceTree = "<group>"; };
		19D08E5E218C8947005ABF54 /* ShowTasksViewController.swift */ = {isa = PBXFileReference; lastKnownFileType = sourcecode.swift; path = ShowTasksViewController.swift; sourceTree = "<group>"; };
		19D08E60218C89C4005ABF54 /* ShowTasksInteractor.swift */ = {isa = PBXFileReference; lastKnownFileType = sourcecode.swift; path = ShowTasksInteractor.swift; sourceTree = "<group>"; };
		19D08E62218C8B21005ABF54 /* ShowTasksPresenter.swift */ = {isa = PBXFileReference; lastKnownFileType = sourcecode.swift; path = ShowTasksPresenter.swift; sourceTree = "<group>"; };
		19D08E64218C8C5F005ABF54 /* ShowTasksConfigurator.swift */ = {isa = PBXFileReference; lastKnownFileType = sourcecode.swift; path = ShowTasksConfigurator.swift; sourceTree = "<group>"; };
		19D08E66218C8E5F005ABF54 /* ShowTasksModels.swift */ = {isa = PBXFileReference; lastKnownFileType = sourcecode.swift; path = ShowTasksModels.swift; sourceTree = "<group>"; };
		19D653D92191E3840042AE7A /* ShowTasksRouter.swift */ = {isa = PBXFileReference; lastKnownFileType = sourcecode.swift; path = ShowTasksRouter.swift; sourceTree = "<group>"; };
		19D653DB2191F4270042AE7A /* CreateTaskRouter.swift */ = {isa = PBXFileReference; lastKnownFileType = sourcecode.swift; path = CreateTaskRouter.swift; sourceTree = "<group>"; };
		19D653DE2192288E0042AE7A /* TaskViewCell.swift */ = {isa = PBXFileReference; lastKnownFileType = sourcecode.swift; path = TaskViewCell.swift; sourceTree = "<group>"; };
		19D653DF2192288E0042AE7A /* TaskViewCell.xib */ = {isa = PBXFileReference; lastKnownFileType = file.xib; path = TaskViewCell.xib; sourceTree = "<group>"; };
		19DD8C73219329E1009E23D4 /* MarkTaskAsDoneInteractor.swift */ = {isa = PBXFileReference; lastKnownFileType = sourcecode.swift; path = MarkTaskAsDoneInteractor.swift; sourceTree = "<group>"; };
		19DD8C7521932A39009E23D4 /* MarkTaskAsDoneModels.swift */ = {isa = PBXFileReference; lastKnownFileType = sourcecode.swift; path = MarkTaskAsDoneModels.swift; sourceTree = "<group>"; };
/* End PBXFileReference section */

/* Begin PBXFrameworksBuildPhase section */
		196107322189E11C00FA6786 /* Frameworks */ = {
			isa = PBXFrameworksBuildPhase;
			buildActionMask = 2147483647;
			files = (
			);
			runOnlyForDeploymentPostprocessing = 0;
		};
		196107462189E11E00FA6786 /* Frameworks */ = {
			isa = PBXFrameworksBuildPhase;
			buildActionMask = 2147483647;
			files = (
			);
			runOnlyForDeploymentPostprocessing = 0;
		};
/* End PBXFrameworksBuildPhase section */

/* Begin PBXGroup section */
		1961072C2189E11C00FA6786 = {
			isa = PBXGroup;
			children = (
				196107372189E11C00FA6786 /* TODO-List */,
				1961074C2189E11E00FA6786 /* TODO-ListTests */,
				196107362189E11C00FA6786 /* Products */,
			);
			sourceTree = "<group>";
		};
		196107362189E11C00FA6786 /* Products */ = {
			isa = PBXGroup;
			children = (
				196107352189E11C00FA6786 /* TODO-List.app */,
				196107492189E11E00FA6786 /* TODO-ListTests.xctest */,
			);
			name = Products;
			sourceTree = "<group>";
		};
		196107372189E11C00FA6786 /* TODO-List */ = {
			isa = PBXGroup;
			children = (
				196107582189E99E00FA6786 /* Scenes */,
				196107382189E11C00FA6786 /* AppDelegate.swift */,
				1961073C2189E11C00FA6786 /* Main.storyboard */,
				1961073F2189E11D00FA6786 /* Assets.xcassets */,
				196107412189E11D00FA6786 /* LaunchScreen.storyboard */,
				196107442189E11D00FA6786 /* Info.plist */,
			);
			path = "TODO-List";
			sourceTree = "<group>";
		};
		1961074C2189E11E00FA6786 /* TODO-ListTests */ = {
			isa = PBXGroup;
			children = (
				1961074D2189E11E00FA6786 /* TODO_ListTests.swift */,
				1961074F2189E11E00FA6786 /* Info.plist */,
			);
			path = "TODO-ListTests";
			sourceTree = "<group>";
		};
		196107582189E99E00FA6786 /* Scenes */ = {
			isa = PBXGroup;
			children = (
				19DD8C7221931DE6009E23D4 /* Common */,
				1961075A2189EA3300FA6786 /* ShowTasks */,
				19CFB8A72195C089009B5EEA /* ShowDoneTasks */,
				196107592189E9A800FA6786 /* CreateTask */,
				19D653DD2192285B0042AE7A /* MarkTaskAsDone */,
			);
			path = Scenes;
			sourceTree = "<group>";
		};
		196107592189E9A800FA6786 /* CreateTask */ = {
			isa = PBXGroup;
			children = (
				1961075B2189ED7E00FA6786 /* CreateTaskTableViewController.swift */,
				1961075D2189F12F00FA6786 /* CreateTaskModels.swift */,
				1961075F2189F3FA00FA6786 /* CreateTaskInteractor.swift */,
				196107642189F5D100FA6786 /* CreateTaskPresenter.swift */,
				196107662189F73200FA6786 /* CreateTaskConfigurator.swift */,
				19D653DB2191F4270042AE7A /* CreateTaskRouter.swift */,
			);
			path = CreateTask;
			sourceTree = "<group>";
		};
		1961075A2189EA3300FA6786 /* ShowTasks */ = {
			isa = PBXGroup;
			children = (
				19D08E5E218C8947005ABF54 /* ShowTasksViewController.swift */,
				19D08E60218C89C4005ABF54 /* ShowTasksInteractor.swift */,
				19D08E62218C8B21005ABF54 /* ShowTasksPresenter.swift */,
				19D08E64218C8C5F005ABF54 /* ShowTasksConfigurator.swift */,
				19D08E66218C8E5F005ABF54 /* ShowTasksModels.swift */,
				19D653D92191E3840042AE7A /* ShowTasksRouter.swift */,
			);
			path = ShowTasks;
			sourceTree = "<group>";
		};
		19CFB8A72195C089009B5EEA /* ShowDoneTasks */ = {
			isa = PBXGroup;
			children = (
				19CFB8A82195C0C5009B5EEA /* ShowDoneTasksViewController.swift */,
				19CFB8AC2195C533009B5EEA /* ShowDoneTasksInteractor.swift */,
				19CFB8AE2195C983009B5EEA /* ShowDoneTasksPresenter.swift */,
				19CFB8B02195CA7B009B5EEA /* ShowDoneTasksConfigurator.swift */,
				19CFB8AA2195C116009B5EEA /* ShowDoneTasksModels.swift */,
			);
			path = ShowDoneTasks;
			sourceTree = "<group>";
		};
		19D653DD2192285B0042AE7A /* MarkTaskAsDone */ = {
			isa = PBXGroup;
			children = (
				19DD8C73219329E1009E23D4 /* MarkTaskAsDoneInteractor.swift */,
				19DD8C7521932A39009E23D4 /* MarkTaskAsDoneModels.swift */,
			);
			path = MarkTaskAsDone;
			sourceTree = "<group>";
		};
		19DD8C7221931DE6009E23D4 /* Common */ = {
			isa = PBXGroup;
			children = (
				196107622189F4E200FA6786 /* PListWorker.swift */,
				19D653DE2192288E0042AE7A /* TaskViewCell.swift */,
				19D653DF2192288E0042AE7A /* TaskViewCell.xib */,
			);
			path = Common;
			sourceTree = "<group>";
		};
/* End PBXGroup section */

/* Begin PBXNativeTarget section */
		196107342189E11C00FA6786 /* TODO-List */ = {
			isa = PBXNativeTarget;
			buildConfigurationList = 196107522189E11E00FA6786 /* Build configuration list for PBXNativeTarget "TODO-List" */;
			buildPhases = (
				196107312189E11C00FA6786 /* Sources */,
				196107322189E11C00FA6786 /* Frameworks */,
				196107332189E11C00FA6786 /* Resources */,
			);
			buildRules = (
			);
			dependencies = (
			);
			name = "TODO-List";
			productName = "TODO-List";
			productReference = 196107352189E11C00FA6786 /* TODO-List.app */;
			productType = "com.apple.product-type.application";
		};
		196107482189E11E00FA6786 /* TODO-ListTests */ = {
			isa = PBXNativeTarget;
			buildConfigurationList = 196107552189E11E00FA6786 /* Build configuration list for PBXNativeTarget "TODO-ListTests" */;
			buildPhases = (
				196107452189E11E00FA6786 /* Sources */,
				196107462189E11E00FA6786 /* Frameworks */,
				196107472189E11E00FA6786 /* Resources */,
			);
			buildRules = (
			);
			dependencies = (
				1961074B2189E11E00FA6786 /* PBXTargetDependency */,
			);
			name = "TODO-ListTests";
			productName = "TODO-ListTests";
			productReference = 196107492189E11E00FA6786 /* TODO-ListTests.xctest */;
			productType = "com.apple.product-type.bundle.unit-test";
		};
/* End PBXNativeTarget section */

/* Begin PBXProject section */
		1961072D2189E11C00FA6786 /* Project object */ = {
			isa = PBXProject;
			attributes = {
				LastSwiftUpdateCheck = 1000;
				LastUpgradeCheck = 1000;
				ORGANIZATIONNAME = "Santiago Gomez Giraldo";
				TargetAttributes = {
					196107342189E11C00FA6786 = {
						CreatedOnToolsVersion = 10.0;
					};
					196107482189E11E00FA6786 = {
						CreatedOnToolsVersion = 10.0;
						TestTargetID = 196107342189E11C00FA6786;
					};
				};
			};
			buildConfigurationList = 196107302189E11C00FA6786 /* Build configuration list for PBXProject "TODO-List" */;
			compatibilityVersion = "Xcode 9.3";
			developmentRegion = en;
			hasScannedForEncodings = 0;
			knownRegions = (
				en,
				Base,
			);
			mainGroup = 1961072C2189E11C00FA6786;
			productRefGroup = 196107362189E11C00FA6786 /* Products */;
			projectDirPath = "";
			projectRoot = "";
			targets = (
				196107342189E11C00FA6786 /* TODO-List */,
				196107482189E11E00FA6786 /* TODO-ListTests */,
			);
		};
/* End PBXProject section */

/* Begin PBXResourcesBuildPhase section */
		196107332189E11C00FA6786 /* Resources */ = {
			isa = PBXResourcesBuildPhase;
			buildActionMask = 2147483647;
			files = (
				196107432189E11D00FA6786 /* LaunchScreen.storyboard in Resources */,
				196107402189E11D00FA6786 /* Assets.xcassets in Resources */,
				1961073E2189E11C00FA6786 /* Main.storyboard in Resources */,
				19D653E12192288E0042AE7A /* TaskViewCell.xib in Resources */,
			);
			runOnlyForDeploymentPostprocessing = 0;
		};
		196107472189E11E00FA6786 /* Resources */ = {
			isa = PBXResourcesBuildPhase;
			buildActionMask = 2147483647;
			files = (
			);
			runOnlyForDeploymentPostprocessing = 0;
		};
/* End PBXResourcesBuildPhase section */

/* Begin PBXSourcesBuildPhase section */
		196107312189E11C00FA6786 /* Sources */ = {
			isa = PBXSourcesBuildPhase;
			buildActionMask = 2147483647;
			files = (
				196107632189F4E200FA6786 /* PListWorker.swift in Sources */,
				19D653DA2191E3840042AE7A /* ShowTasksRouter.swift in Sources */,
				19D08E67218C8E5F005ABF54 /* ShowTasksModels.swift in Sources */,
				19CFB8AF2195C983009B5EEA /* ShowDoneTasksPresenter.swift in Sources */,
				19D653DC2191F4270042AE7A /* CreateTaskRouter.swift in Sources */,
				196107672189F73200FA6786 /* CreateTaskConfigurator.swift in Sources */,
				19DD8C7621932A39009E23D4 /* MarkTaskAsDoneModels.swift in Sources */,
				1961075C2189ED7E00FA6786 /* CreateTaskTableViewController.swift in Sources */,
				1961075E2189F12F00FA6786 /* CreateTaskModels.swift in Sources */,
				19D653E02192288E0042AE7A /* TaskViewCell.swift in Sources */,
				19D08E61218C89C4005ABF54 /* ShowTasksInteractor.swift in Sources */,
				19D08E5F218C8947005ABF54 /* ShowTasksViewController.swift in Sources */,
				19CFB8B12195CA7B009B5EEA /* ShowDoneTasksConfigurator.swift in Sources */,
				196107652189F5D100FA6786 /* CreateTaskPresenter.swift in Sources */,
				19CFB8AD2195C533009B5EEA /* ShowDoneTasksInteractor.swift in Sources */,
				19D08E65218C8C5F005ABF54 /* ShowTasksConfigurator.swift in Sources */,
				19DD8C74219329E1009E23D4 /* MarkTaskAsDoneInteractor.swift in Sources */,
				19CFB8AB2195C116009B5EEA /* ShowDoneTasksModels.swift in Sources */,
				19CFB8A92195C0C5009B5EEA /* ShowDoneTasksViewController.swift in Sources */,
				19D08E63218C8B21005ABF54 /* ShowTasksPresenter.swift in Sources */,
				196107602189F3FA00FA6786 /* CreateTaskInteractor.swift in Sources */,
				196107392189E11C00FA6786 /* AppDelegate.swift in Sources */,
			);
			runOnlyForDeploymentPostprocessing = 0;
		};
		196107452189E11E00FA6786 /* Sources */ = {
			isa = PBXSourcesBuildPhase;
			buildActionMask = 2147483647;
			files = (
				1961074E2189E11E00FA6786 /* TODO_ListTests.swift in Sources */,
			);
			runOnlyForDeploymentPostprocessing = 0;
		};
/* End PBXSourcesBuildPhase section */

/* Begin PBXTargetDependency section */
		1961074B2189E11E00FA6786 /* PBXTargetDependency */ = {
			isa = PBXTargetDependency;
			target = 196107342189E11C00FA6786 /* TODO-List */;
			targetProxy = 1961074A2189E11E00FA6786 /* PBXContainerItemProxy */;
		};
/* End PBXTargetDependency section */

/* Begin PBXVariantGroup section */
		1961073C2189E11C00FA6786 /* Main.storyboard */ = {
			isa = PBXVariantGroup;
			children = (
				1961073D2189E11C00FA6786 /* Base */,
			);
			name = Main.storyboard;
			sourceTree = "<group>";
		};
		196107412189E11D00FA6786 /* LaunchScreen.storyboard */ = {
			isa = PBXVariantGroup;
			children = (
				196107422189E11D00FA6786 /* Base */,
			);
			name = LaunchScreen.storyboard;
			sourceTree = "<group>";
		};
/* End PBXVariantGroup section */

/* Begin XCBuildConfiguration section */
		196107502189E11E00FA6786 /* Debug */ = {
			isa = XCBuildConfiguration;
			buildSettings = {
				ALWAYS_SEARCH_USER_PATHS = NO;
				CLANG_ANALYZER_NONNULL = YES;
				CLANG_ANALYZER_NUMBER_OBJECT_CONVERSION = YES_AGGRESSIVE;
				CLANG_CXX_LANGUAGE_STANDARD = "gnu++14";
				CLANG_CXX_LIBRARY = "libc++";
				CLANG_ENABLE_MODULES = YES;
				CLANG_ENABLE_OBJC_ARC = YES;
				CLANG_ENABLE_OBJC_WEAK = YES;
				CLANG_WARN_BLOCK_CAPTURE_AUTORELEASING = YES;
				CLANG_WARN_BOOL_CONVERSION = YES;
				CLANG_WARN_COMMA = YES;
				CLANG_WARN_CONSTANT_CONVERSION = YES;
				CLANG_WARN_DEPRECATED_OBJC_IMPLEMENTATIONS = YES;
				CLANG_WARN_DIRECT_OBJC_ISA_USAGE = YES_ERROR;
				CLANG_WARN_DOCUMENTATION_COMMENTS = YES;
				CLANG_WARN_EMPTY_BODY = YES;
				CLANG_WARN_ENUM_CONVERSION = YES;
				CLANG_WARN_INFINITE_RECURSION = YES;
				CLANG_WARN_INT_CONVERSION = YES;
				CLANG_WARN_NON_LITERAL_NULL_CONVERSION = YES;
				CLANG_WARN_OBJC_IMPLICIT_RETAIN_SELF = YES;
				CLANG_WARN_OBJC_LITERAL_CONVERSION = YES;
				CLANG_WARN_OBJC_ROOT_CLASS = YES_ERROR;
				CLANG_WARN_RANGE_LOOP_ANALYSIS = YES;
				CLANG_WARN_STRICT_PROTOTYPES = YES;
				CLANG_WARN_SUSPICIOUS_MOVE = YES;
				CLANG_WARN_UNGUARDED_AVAILABILITY = YES_AGGRESSIVE;
				CLANG_WARN_UNREACHABLE_CODE = YES;
				CLANG_WARN__DUPLICATE_METHOD_MATCH = YES;
				CODE_SIGN_IDENTITY = "iPhone Developer";
				COPY_PHASE_STRIP = NO;
				DEBUG_INFORMATION_FORMAT = dwarf;
				ENABLE_STRICT_OBJC_MSGSEND = YES;
				ENABLE_TESTABILITY = YES;
				GCC_C_LANGUAGE_STANDARD = gnu11;
				GCC_DYNAMIC_NO_PIC = NO;
				GCC_NO_COMMON_BLOCKS = YES;
				GCC_OPTIMIZATION_LEVEL = 0;
				GCC_PREPROCESSOR_DEFINITIONS = (
					"DEBUG=1",
					"$(inherited)",
				);
				GCC_WARN_64_TO_32_BIT_CONVERSION = YES;
				GCC_WARN_ABOUT_RETURN_TYPE = YES_ERROR;
				GCC_WARN_UNDECLARED_SELECTOR = YES;
				GCC_WARN_UNINITIALIZED_AUTOS = YES_AGGRESSIVE;
				GCC_WARN_UNUSED_FUNCTION = YES;
				GCC_WARN_UNUSED_VARIABLE = YES;
				IPHONEOS_DEPLOYMENT_TARGET = 12.0;
				MTL_ENABLE_DEBUG_INFO = INCLUDE_SOURCE;
				MTL_FAST_MATH = YES;
				ONLY_ACTIVE_ARCH = YES;
				SDKROOT = iphoneos;
				SWIFT_ACTIVE_COMPILATION_CONDITIONS = DEBUG;
				SWIFT_OPTIMIZATION_LEVEL = "-Onone";
			};
			name = Debug;
		};
		196107512189E11E00FA6786 /* Release */ = {
			isa = XCBuildConfiguration;
			buildSettings = {
				ALWAYS_SEARCH_USER_PATHS = NO;
				CLANG_ANALYZER_NONNULL = YES;
				CLANG_ANALYZER_NUMBER_OBJECT_CONVERSION = YES_AGGRESSIVE;
				CLANG_CXX_LANGUAGE_STANDARD = "gnu++14";
				CLANG_CXX_LIBRARY = "libc++";
				CLANG_ENABLE_MODULES = YES;
				CLANG_ENABLE_OBJC_ARC = YES;
				CLANG_ENABLE_OBJC_WEAK = YES;
				CLANG_WARN_BLOCK_CAPTURE_AUTORELEASING = YES;
				CLANG_WARN_BOOL_CONVERSION = YES;
				CLANG_WARN_COMMA = YES;
				CLANG_WARN_CONSTANT_CONVERSION = YES;
				CLANG_WARN_DEPRECATED_OBJC_IMPLEMENTATIONS = YES;
				CLANG_WARN_DIRECT_OBJC_ISA_USAGE = YES_ERROR;
				CLANG_WARN_DOCUMENTATION_COMMENTS = YES;
				CLANG_WARN_EMPTY_BODY = YES;
				CLANG_WARN_ENUM_CONVERSION = YES;
				CLANG_WARN_INFINITE_RECURSION = YES;
				CLANG_WARN_INT_CONVERSION = YES;
				CLANG_WARN_NON_LITERAL_NULL_CONVERSION = YES;
				CLANG_WARN_OBJC_IMPLICIT_RETAIN_SELF = YES;
				CLANG_WARN_OBJC_LITERAL_CONVERSION = YES;
				CLANG_WARN_OBJC_ROOT_CLASS = YES_ERROR;
				CLANG_WARN_RANGE_LOOP_ANALYSIS = YES;
				CLANG_WARN_STRICT_PROTOTYPES = YES;
				CLANG_WARN_SUSPICIOUS_MOVE = YES;
				CLANG_WARN_UNGUARDED_AVAILABILITY = YES_AGGRESSIVE;
				CLANG_WARN_UNREACHABLE_CODE = YES;
				CLANG_WARN__DUPLICATE_METHOD_MATCH = YES;
				CODE_SIGN_IDENTITY = "iPhone Developer";
				COPY_PHASE_STRIP = NO;
				DEBUG_INFORMATION_FORMAT = "dwarf-with-dsym";
				ENABLE_NS_ASSERTIONS = NO;
				ENABLE_STRICT_OBJC_MSGSEND = YES;
				GCC_C_LANGUAGE_STANDARD = gnu11;
				GCC_NO_COMMON_BLOCKS = YES;
				GCC_WARN_64_TO_32_BIT_CONVERSION = YES;
				GCC_WARN_ABOUT_RETURN_TYPE = YES_ERROR;
				GCC_WARN_UNDECLARED_SELECTOR = YES;
				GCC_WARN_UNINITIALIZED_AUTOS = YES_AGGRESSIVE;
				GCC_WARN_UNUSED_FUNCTION = YES;
				GCC_WARN_UNUSED_VARIABLE = YES;
				IPHONEOS_DEPLOYMENT_TARGET = 12.0;
				MTL_ENABLE_DEBUG_INFO = NO;
				MTL_FAST_MATH = YES;
				SDKROOT = iphoneos;
				SWIFT_COMPILATION_MODE = wholemodule;
				SWIFT_OPTIMIZATION_LEVEL = "-O";
				VALIDATE_PRODUCT = YES;
			};
			name = Release;
		};
		196107532189E11E00FA6786 /* Debug */ = {
			isa = XCBuildConfiguration;
			buildSettings = {
				ASSETCATALOG_COMPILER_APPICON_NAME = AppIcon;
				CODE_SIGN_STYLE = Automatic;
				INFOPLIST_FILE = "TODO-List/Info.plist";
				LD_RUNPATH_SEARCH_PATHS = (
					"$(inherited)",
					"@executable_path/Frameworks",
				);
				PRODUCT_BUNDLE_IDENTIFIER = "com.santiago.TODO-List";
				PRODUCT_NAME = "$(TARGET_NAME)";
				SWIFT_VERSION = 4.2;
				TARGETED_DEVICE_FAMILY = "1,2";
			};
			name = Debug;
		};
		196107542189E11E00FA6786 /* Release */ = {
			isa = XCBuildConfiguration;
			buildSettings = {
				ASSETCATALOG_COMPILER_APPICON_NAME = AppIcon;
				CODE_SIGN_STYLE = Automatic;
				INFOPLIST_FILE = "TODO-List/Info.plist";
				LD_RUNPATH_SEARCH_PATHS = (
					"$(inherited)",
					"@executable_path/Frameworks",
				);
				PRODUCT_BUNDLE_IDENTIFIER = "com.santiago.TODO-List";
				PRODUCT_NAME = "$(TARGET_NAME)";
				SWIFT_VERSION = 4.2;
				TARGETED_DEVICE_FAMILY = "1,2";
			};
			name = Release;
		};
		196107562189E11E00FA6786 /* Debug */ = {
			isa = XCBuildConfiguration;
			buildSettings = {
				ALWAYS_EMBED_SWIFT_STANDARD_LIBRARIES = YES;
				BUNDLE_LOADER = "$(TEST_HOST)";
				CODE_SIGN_STYLE = Automatic;
				INFOPLIST_FILE = "TODO-ListTests/Info.plist";
				LD_RUNPATH_SEARCH_PATHS = (
					"$(inherited)",
					"@executable_path/Frameworks",
					"@loader_path/Frameworks",
				);
				PRODUCT_BUNDLE_IDENTIFIER = "com.santiago.TODO-ListTests";
				PRODUCT_NAME = "$(TARGET_NAME)";
				SWIFT_VERSION = 4.2;
				TARGETED_DEVICE_FAMILY = "1,2";
				TEST_HOST = "$(BUILT_PRODUCTS_DIR)/TODO-List.app/TODO-List";
			};
			name = Debug;
		};
		196107572189E11E00FA6786 /* Release */ = {
			isa = XCBuildConfiguration;
			buildSettings = {
				ALWAYS_EMBED_SWIFT_STANDARD_LIBRARIES = YES;
				BUNDLE_LOADER = "$(TEST_HOST)";
				CODE_SIGN_STYLE = Automatic;
				INFOPLIST_FILE = "TODO-ListTests/Info.plist";
				LD_RUNPATH_SEARCH_PATHS = (
					"$(inherited)",
					"@executable_path/Frameworks",
					"@loader_path/Frameworks",
				);
				PRODUCT_BUNDLE_IDENTIFIER = "com.santiago.TODO-ListTests";
				PRODUCT_NAME = "$(TARGET_NAME)";
				SWIFT_VERSION = 4.2;
				TARGETED_DEVICE_FAMILY = "1,2";
				TEST_HOST = "$(BUILT_PRODUCTS_DIR)/TODO-List.app/TODO-List";
			};
			name = Release;
		};
/* End XCBuildConfiguration section */

/* Begin XCConfigurationList section */
		196107302189E11C00FA6786 /* Build configuration list for PBXProject "TODO-List" */ = {
			isa = XCConfigurationList;
			buildConfigurations = (
				196107502189E11E00FA6786 /* Debug */,
				196107512189E11E00FA6786 /* Release */,
			);
			defaultConfigurationIsVisible = 0;
			defaultConfigurationName = Release;
		};
		196107522189E11E00FA6786 /* Build configuration list for PBXNativeTarget "TODO-List" */ = {
			isa = XCConfigurationList;
			buildConfigurations = (
				196107532189E11E00FA6786 /* Debug */,
				196107542189E11E00FA6786 /* Release */,
			);
			defaultConfigurationIsVisible = 0;
			defaultConfigurationName = Release;
		};
		196107552189E11E00FA6786 /* Build configuration list for PBXNativeTarget "TODO-ListTests" */ = {
			isa = XCConfigurationList;
			buildConfigurations = (
				196107562189E11E00FA6786 /* Debug */,
				196107572189E11E00FA6786 /* Release */,
			);
			defaultConfigurationIsVisible = 0;
			defaultConfigurationName = Release;
		};
/* End XCConfigurationList section */
	};
	rootObject = 1961072D2189E11C00FA6786 /* Project object */;
}
